
Microsoft Visual Studio Solution File, Format Version 12.00
# Visual Studio 2013
VisualStudioVersion = 12.0.31101.0
MinimumVisualStudioVersion = 10.0.40219.1
Project("{FAE04EC0-301F-11D3-BF4B-00C04F79EFBC}") = "SharpComicVine", "SharpComicVine\SharpComicVine.csproj", "{96742FA3-C220-4228-A5BE-EEC329591AC8}"
EndProject
Project("{FAE04EC0-301F-11D3-BF4B-00C04F79EFBC}") = "SharpComicVineClient", "SharpComicVineClient\SharpComicVineClient.csproj", "{9DAC6E61-113C-4312-9128-1B21E1CBD967}"
EndProject
Project("{2150E333-8FDC-42A3-9474-1A3956D46DE8}") = ".nuget", ".nuget", "{41536198-86C9-4C71-9233-6761548C1694}"
	ProjectSection(SolutionItems) = preProject
		.nuget\NuGet.Config = .nuget\NuGet.Config
		.nuget\NuGet.exe = .nuget\NuGet.exe
		.nuget\NuGet.targets = .nuget\NuGet.targets
	EndProjectSection
EndProject
Global
	GlobalSection(SolutionConfigurationPlatforms) = preSolution
		Debug|Any CPU = Debug|Any CPU
		Release|Any CPU = Release|Any CPU
	EndGlobalSection
	GlobalSection(ProjectConfigurationPlatforms) = postSolution
		{96742FA3-C220-4228-A5BE-EEC329591AC8}.Debug|Any CPU.ActiveCfg = Debug|Any CPU
		{96742FA3-C220-4228-A5BE-EEC329591AC8}.Debug|Any CPU.Build.0 = Debug|Any CPU
		{96742FA3-C220-4228-A5BE-EEC329591AC8}.Release|Any CPU.ActiveCfg = Release|Any CPU
		{96742FA3-C220-4228-A5BE-EEC329591AC8}.Release|Any CPU.Build.0 = Release|Any CPU
		{9DAC6E61-113C-4312-9128-1B21E1CBD967}.Debug|Any CPU.ActiveCfg = Debug|Any CPU
		{9DAC6E61-113C-4312-9128-1B21E1CBD967}.Debug|Any CPU.Build.0 = Debug|Any CPU
		{9DAC6E61-113C-4312-9128-1B21E1CBD967}.Release|Any CPU.ActiveCfg = Release|Any CPU
		{9DAC6E61-113C-4312-9128-1B21E1CBD967}.Release|Any CPU.Build.0 = Release|Any CPU
	EndGlobalSection
	GlobalSection(SolutionProperties) = preSolution
		HideSolutionNode = FALSE
	EndGlobalSection
EndGlobal
